{
  "name": "yii1-pjax",
  "lockfileVersion": 2,
  "requires": true,
  "packages": {
    "": {
      "dependencies": {
        "yii2-pjax": "^2.0.7"
      }
    },
    "node_modules/yii2-pjax": {
      "version": "2.0.7",
      "resolved": "https://registry.npmjs.org/yii2-pjax/-/yii2-pjax-2.0.7.tgz",
      "integrity": "sha1-/h+DUK7RwRxuzdFNra0DvYsTsZo="
    }
  },
  "dependencies": {
    "yii2-pjax": {
      "version": "2.0.7",
      "resolved": "https://registry.npmjs.org/yii2-pjax/-/yii2-pjax-2.0.7.tgz",
      "integrity": "sha1-/h+DUK7RwRxuzdFNra0DvYsTsZo="
    }
  }
}
